
Microsoft Visual Studio Solution File, Format Version 12.00
# Visual Studio Version 17
VisualStudioVersion = 17.14.36623.8 d17.14
MinimumVisualStudioVersion = 10.0.40219.1
Project("{FAE04EC0-301F-11D3-BF4B-00C04F79EFBC}") = "XO Simulator", "XO Simulator\XO Simulator.csproj", "{A7D009CB-EEF4-480D-B0F4-41252EA80A8A}"
EndProject
Global
	GlobalSection(SolutionConfigurationPlatforms) = preSolution
		Debug|Any CPU = Debug|Any CPU
		Release|Any CPU = Release|Any CPU
	EndGlobalSection
	GlobalSection(ProjectConfigurationPlatforms) = postSolution
		{A7D009CB-EEF4-480D-B0F4-41252EA80A8A}.Debug|Any CPU.ActiveCfg = Debug|Any CPU
		{A7D009CB-EEF4-480D-B0F4-41252EA80A8A}.Debug|Any CPU.Build.0 = Debug|Any CPU
		{A7D009CB-EEF4-480D-B0F4-41252EA80A8A}.Release|Any CPU.ActiveCfg = Release|Any CPU
		{A7D009CB-EEF4-480D-B0F4-41252EA80A8A}.Release|Any CPU.Build.0 = Release|Any CPU
	EndGlobalSection
	GlobalSection(SolutionProperties) = preSolution
		HideSolutionNode = FALSE
	EndGlobalSection
	GlobalSection(ExtensibilityGlobals) = postSolution
		SolutionGuid = {7707BD69-32A2-4012-9A00-BA547EA55EBB}
	EndGlobalSection
EndGlobal
